
Microsoft Visual Studio Solution File, Format Version 12.00
# Visual Studio 15
VisualStudioVersion = 15.0.27428.2005
MinimumVisualStudioVersion = 10.0.40219.1
Project("{FAE04EC0-301F-11D3-BF4B-00C04F79EFBC}") = "ListaXamarin.Android", "ListaXamarin\ListaXamarin.Android\ListaXamarin.Android.csproj", "{3153B83F-7DF4-473D-ACA6-14A35E496AD4}"
EndProject
Project("{FAE04EC0-301F-11D3-BF4B-00C04F79EFBC}") = "ListaXamarin.UWP", "ListaXamarin\ListaXamarin.UWP\ListaXamarin.UWP.csproj", "{62997510-2A7B-4614-9A51-A568BE4EDEB6}"
EndProject
Project("{FAE04EC0-301F-11D3-BF4B-00C04F79EFBC}") = "ListaXamarin", "ListaXamarin\ListaXamarin\ListaXamarin.csproj", "{0C641C85-30B3-4C4B-99A8-45BF42659B52}"
EndProject
Global
	GlobalSection(SolutionConfigurationPlatforms) = preSolution
		Debug|Any CPU = Debug|Any CPU
		Debug|ARM = Debug|ARM
		Debug|x64 = Debug|x64
		Debug|x86 = Debug|x86
		Release|Any CPU = Release|Any CPU
		Release|ARM = Release|ARM
		Release|x64 = Release|x64
		Release|x86 = Release|x86
	EndGlobalSection
	GlobalSection(ProjectConfigurationPlatforms) = postSolution
		{3153B83F-7DF4-473D-ACA6-14A35E496AD4}.Debug|Any CPU.ActiveCfg = Debug|Any CPU
		{3153B83F-7DF4-473D-ACA6-14A35E496AD4}.Debug|Any CPU.Build.0 = Debug|Any CPU
		{3153B83F-7DF4-473D-ACA6-14A35E496AD4}.Debug|Any CPU.Deploy.0 = Debug|Any CPU
		{3153B83F-7DF4-473D-ACA6-14A35E496AD4}.Debug|ARM.ActiveCfg = Debug|Any CPU
		{3153B83F-7DF4-473D-ACA6-14A35E496AD4}.Debug|ARM.Build.0 = Debug|Any CPU
		{3153B83F-7DF4-473D-ACA6-14A35E496AD4}.Debug|ARM.Deploy.0 = Debug|Any CPU
		{3153B83F-7DF4-473D-ACA6-14A35E496AD4}.Debug|x64.ActiveCfg = Debug|Any CPU
		{3153B83F-7DF4-473D-ACA6-14A35E496AD4}.Debug|x64.Build.0 = Debug|Any CPU
		{3153B83F-7DF4-473D-ACA6-14A35E496AD4}.Debug|x64.Deploy.0 = Debug|Any CPU
		{3153B83F-7DF4-473D-ACA6-14A35E496AD4}.Debug|x86.ActiveCfg = Debug|Any CPU
		{3153B83F-7DF4-473D-ACA6-14A35E496AD4}.Debug|x86.Build.0 = Debug|Any CPU
		{3153B83F-7DF4-473D-ACA6-14A35E496AD4}.Debug|x86.Deploy.0 = Debug|Any CPU
		{3153B83F-7DF4-473D-ACA6-14A35E496AD4}.Release|Any CPU.ActiveCfg = Release|Any CPU
		{3153B83F-7DF4-473D-ACA6-14A35E496AD4}.Release|Any CPU.Build.0 = Release|Any CPU
		{3153B83F-7DF4-473D-ACA6-14A35E496AD4}.Release|Any CPU.Deploy.0 = Release|Any CPU
		{3153B83F-7DF4-473D-ACA6-14A35E496AD4}.Release|ARM.ActiveCfg = Release|Any CPU
		{3153B83F-7DF4-473D-ACA6-14A35E496AD4}.Release|ARM.Build.0 = Release|Any CPU
		{3153B83F-7DF4-473D-ACA6-14A35E496AD4}.Release|ARM.Deploy.0 = Release|Any CPU
		{3153B83F-7DF4-473D-ACA6-14A35E496AD4}.Release|x64.ActiveCfg = Release|Any CPU
		{3153B83F-7DF4-473D-ACA6-14A35E496AD4}.Release|x64.Build.0 = Release|Any CPU
		{3153B83F-7DF4-473D-ACA6-14A35E496AD4}.Release|x64.Deploy.0 = Release|Any CPU
		{3153B83F-7DF4-473D-ACA6-14A35E496AD4}.Release|x86.ActiveCfg = Release|Any CPU
		{3153B83F-7DF4-473D-ACA6-14A35E496AD4}.Release|x86.Build.0 = Release|Any CPU
		{3153B83F-7DF4-473D-ACA6-14A35E496AD4}.Release|x86.Deploy.0 = Release|Any CPU
		{62997510-2A7B-4614-9A51-A568BE4EDEB6}.Debug|Any CPU.ActiveCfg = Debug|x86
		{62997510-2A7B-4614-9A51-A568BE4EDEB6}.Debug|ARM.ActiveCfg = Debug|ARM
		{62997510-2A7B-4614-9A51-A568BE4EDEB6}.Debug|ARM.Build.0 = Debug|ARM
		{62997510-2A7B-4614-9A51-A568BE4EDEB6}.Debug|ARM.Deploy.0 = Debug|ARM
		{62997510-2A7B-4614-9A51-A568BE4EDEB6}.Debug|x64.ActiveCfg = Debug|x64
		{62997510-2A7B-4614-9A51-A568BE4EDEB6}.Debug|x64.Build.0 = Debug|x64
		{62997510-2A7B-4614-9A51-A568BE4EDEB6}.Debug|x64.Deploy.0 = Debug|x64
		{62997510-2A7B-4614-9A51-A568BE4EDEB6}.Debug|x86.ActiveCfg = Debug|x86
		{62997510-2A7B-4614-9A51-A568BE4EDEB6}.Debug|x86.Build.0 = Debug|x86
		{62997510-2A7B-4614-9A51-A568BE4EDEB6}.Debug|x86.Deploy.0 = Debug|x86
		{62997510-2A7B-4614-9A51-A568BE4EDEB6}.Release|Any CPU.ActiveCfg = Release|x86
		{62997510-2A7B-4614-9A51-A568BE4EDEB6}.Release|ARM.ActiveCfg = Release|ARM
		{62997510-2A7B-4614-9A51-A568BE4EDEB6}.Release|ARM.Build.0 = Release|ARM
		{62997510-2A7B-4614-9A51-A568BE4EDEB6}.Release|ARM.Deploy.0 = Release|ARM
		{62997510-2A7B-4614-9A51-A568BE4EDEB6}.Release|x64.ActiveCfg = Release|x64
		{62997510-2A7B-4614-9A51-A568BE4EDEB6}.Release|x64.Build.0 = Release|x64
		{62997510-2A7B-4614-9A51-A568BE4EDEB6}.Release|x64.Deploy.0 = Release|x64
		{62997510-2A7B-4614-9A51-A568BE4EDEB6}.Release|x86.ActiveCfg = Release|x86
		{62997510-2A7B-4614-9A51-A568BE4EDEB6}.Release|x86.Build.0 = Release|x86
		{62997510-2A7B-4614-9A51-A568BE4EDEB6}.Release|x86.Deploy.0 = Release|x86
		{0C641C85-30B3-4C4B-99A8-45BF42659B52}.Debug|Any CPU.ActiveCfg = Debug|Any CPU
		{0C641C85-30B3-4C4B-99A8-45BF42659B52}.Debug|Any CPU.Build.0 = Debug|Any CPU
		{0C641C85-30B3-4C4B-99A8-45BF42659B52}.Debug|ARM.ActiveCfg = Debug|Any CPU
		{0C641C85-30B3-4C4B-99A8-45BF42659B52}.Debug|ARM.Build.0 = Debug|Any CPU
		{0C641C85-30B3-4C4B-99A8-45BF42659B52}.Debug|x64.ActiveCfg = Debug|Any CPU
		{0C641C85-30B3-4C4B-99A8-45BF42659B52}.Debug|x64.Build.0 = Debug|Any CPU
		{0C641C85-30B3-4C4B-99A8-45BF42659B52}.Debug|x86.ActiveCfg = Debug|Any CPU
		{0C641C85-30B3-4C4B-99A8-45BF42659B52}.Debug|x86.Build.0 = Debug|Any CPU
		{0C641C85-30B3-4C4B-99A8-45BF42659B52}.Release|Any CPU.ActiveCfg = Release|Any CPU
		{0C641C85-30B3-4C4B-99A8-45BF42659B52}.Release|Any CPU.Build.0 = Release|Any CPU
		{0C641C85-30B3-4C4B-99A8-45BF42659B52}.Release|ARM.ActiveCfg = Release|Any CPU
		{0C641C85-30B3-4C4B-99A8-45BF42659B52}.Release|ARM.Build.0 = Release|Any CPU
		{0C641C85-30B3-4C4B-99A8-45BF42659B52}.Release|x64.ActiveCfg = Release|Any CPU
		{0C641C85-30B3-4C4B-99A8-45BF42659B52}.Release|x64.Build.0 = Release|Any CPU
		{0C641C85-30B3-4C4B-99A8-45BF42659B52}.Release|x86.ActiveCfg = Release|Any CPU
		{0C641C85-30B3-4C4B-99A8-45BF42659B52}.Release|x86.Build.0 = Release|Any CPU
	EndGlobalSection
	GlobalSection(SolutionProperties) = preSolution
		HideSolutionNode = FALSE
	EndGlobalSection
	GlobalSection(ExtensibilityGlobals) = postSolution
		SolutionGuid = {A5A3C506-38D1-4F11-BAA5-961F82A63609}
	EndGlobalSection
EndGlobal
